
Microsoft Visual Studio Solution File, Format Version 12.00
# Visual Studio Version 17
VisualStudioVersion = 17.11.35327.3
MinimumVisualStudioVersion = 10.0.40219.1
Project("{FAE04EC0-301F-11D3-BF4B-00C04F79EFBC}") = "StudentAPI", "StudentAPI\StudentAPI.csproj", "{4E632F30-72F4-4AB8-AE94-D86FD60ED122}"
EndProject
Global
	GlobalSection(SolutionConfigurationPlatforms) = preSolution
		Debug|Any CPU = Debug|Any CPU
		Release|Any CPU = Release|Any CPU
	EndGlobalSection
	GlobalSection(ProjectConfigurationPlatforms) = postSolution
		{4E632F30-72F4-4AB8-AE94-D86FD60ED122}.Debug|Any CPU.ActiveCfg = Debug|Any CPU
		{4E632F30-72F4-4AB8-AE94-D86FD60ED122}.Debug|Any CPU.Build.0 = Debug|Any CPU
		{4E632F30-72F4-4AB8-AE94-D86FD60ED122}.Release|Any CPU.ActiveCfg = Release|Any CPU
		{4E632F30-72F4-4AB8-AE94-D86FD60ED122}.Release|Any CPU.Build.0 = Release|Any CPU
	EndGlobalSection
	GlobalSection(SolutionProperties) = preSolution
		HideSolutionNode = FALSE
	EndGlobalSection
	GlobalSection(ExtensibilityGlobals) = postSolution
		SolutionGuid = {705D7AAE-8C84-4E92-9A73-162F8C2A40A6}
	EndGlobalSection
EndGlobal
