
Microsoft Visual Studio Solution File, Format Version 12.00
# Visual Studio Version 17
VisualStudioVersion = 17.11.35327.3
MinimumVisualStudioVersion = 10.0.40219.1
Project("{2150E333-8FDC-42A3-9474-1A3956D46DE8}") = "FrontEnd", "FrontEnd", "{B297723A-DB79-41B2-91E0-148FE3C122D1}"
EndProject
Project("{2150E333-8FDC-42A3-9474-1A3956D46DE8}") = "Gateway", "Gateway", "{54081C39-6609-4CEF-B2C8-2086C17CE8F7}"
EndProject
Project("{2150E333-8FDC-42A3-9474-1A3956D46DE8}") = "Integration", "Integration", "{D4CFCD32-2EDF-4D79-A483-109A83559823}"
EndProject
Project("{2150E333-8FDC-42A3-9474-1A3956D46DE8}") = "Services", "Services", "{21AB1E1D-3D05-4810-AFDB-C7C20DBB37CD}"
EndProject
Project("{9A19103F-16F7-4668-BE54-9A1E7A4F7556}") = "Microserviceproject.Services.CouponAPI", "Microserviceproject.Services.CouponAPI\Microserviceproject.Services.CouponAPI.csproj", "{DBF396E1-C329-4493-8997-2E5495E4A8DA}"
EndProject
Project("{9A19103F-16F7-4668-BE54-9A1E7A4F7556}") = "Microserviceproject.Service.ProductAPI", "Microserviceproject.Service.ProductAPI\Microserviceproject.Service.ProductAPI.csproj", "{20C6B565-89CB-41EC-9295-68B5B795B200}"
EndProject
Project("{FAE04EC0-301F-11D3-BF4B-00C04F79EFBC}") = "Microserviceproject.Services.AuthAPI", "Microserviceproject.Services.AuthAPI\Microserviceproject.Services.AuthAPI.csproj", "{3F1D1678-9D75-4A98-B42E-2D2C090F221D}"
EndProject
Global
	GlobalSection(SolutionConfigurationPlatforms) = preSolution
		Debug|Any CPU = Debug|Any CPU
		Release|Any CPU = Release|Any CPU
	EndGlobalSection
	GlobalSection(ProjectConfigurationPlatforms) = postSolution
		{DBF396E1-C329-4493-8997-2E5495E4A8DA}.Debug|Any CPU.ActiveCfg = Debug|Any CPU
		{DBF396E1-C329-4493-8997-2E5495E4A8DA}.Debug|Any CPU.Build.0 = Debug|Any CPU
		{DBF396E1-C329-4493-8997-2E5495E4A8DA}.Release|Any CPU.ActiveCfg = Release|Any CPU
		{DBF396E1-C329-4493-8997-2E5495E4A8DA}.Release|Any CPU.Build.0 = Release|Any CPU
		{20C6B565-89CB-41EC-9295-68B5B795B200}.Debug|Any CPU.ActiveCfg = Debug|Any CPU
		{20C6B565-89CB-41EC-9295-68B5B795B200}.Debug|Any CPU.Build.0 = Debug|Any CPU
		{20C6B565-89CB-41EC-9295-68B5B795B200}.Release|Any CPU.ActiveCfg = Release|Any CPU
		{20C6B565-89CB-41EC-9295-68B5B795B200}.Release|Any CPU.Build.0 = Release|Any CPU
		{3F1D1678-9D75-4A98-B42E-2D2C090F221D}.Debug|Any CPU.ActiveCfg = Debug|Any CPU
		{3F1D1678-9D75-4A98-B42E-2D2C090F221D}.Debug|Any CPU.Build.0 = Debug|Any CPU
		{3F1D1678-9D75-4A98-B42E-2D2C090F221D}.Release|Any CPU.ActiveCfg = Release|Any CPU
		{3F1D1678-9D75-4A98-B42E-2D2C090F221D}.Release|Any CPU.Build.0 = Release|Any CPU
	EndGlobalSection
	GlobalSection(SolutionProperties) = preSolution
		HideSolutionNode = FALSE
	EndGlobalSection
	GlobalSection(NestedProjects) = preSolution
		{DBF396E1-C329-4493-8997-2E5495E4A8DA} = {21AB1E1D-3D05-4810-AFDB-C7C20DBB37CD}
		{20C6B565-89CB-41EC-9295-68B5B795B200} = {21AB1E1D-3D05-4810-AFDB-C7C20DBB37CD}
		{3F1D1678-9D75-4A98-B42E-2D2C090F221D} = {21AB1E1D-3D05-4810-AFDB-C7C20DBB37CD}
	EndGlobalSection
	GlobalSection(ExtensibilityGlobals) = postSolution
		SolutionGuid = {CFBD2CFB-ED05-40C1-B6A9-1C0232B35C8F}
	EndGlobalSection
EndGlobal
