
Microsoft Visual Studio Solution File, Format Version 12.00
# Visual Studio Version 17
VisualStudioVersion = 17.11.35327.3
MinimumVisualStudioVersion = 10.0.40219.1
Project("{2150E333-8FDC-42A3-9474-1A3956D46DE8}") = "Article", "Article", "{4C07DF42-7D36-42CB-A9AD-7F53200B9474}"
EndProject
Project("{9A19103F-16F7-4668-BE54-9A1E7A4F7556}") = "Article.Api", "Article.Api\Article.Api.csproj", "{2318C664-EFC0-4C06-8389-226C9DB2CB4D}"
EndProject
Project("{2150E333-8FDC-42A3-9474-1A3956D46DE8}") = "APIGateway", "APIGateway", "{A444F34A-620B-44BF-A529-7AB54986EFF6}"
EndProject
Project("{2150E333-8FDC-42A3-9474-1A3956D46DE8}") = "Writer", "Writer", "{2788E9F6-0F48-4D0B-B3ED-5A2A5DF3F28D}"
EndProject
Project("{FAE04EC0-301F-11D3-BF4B-00C04F79EFBC}") = "Writer.Api", "Writer.Api\Writer.Api.csproj", "{FE597A58-BBE0-42D4-B690-F14FBFF0405B}"
EndProject
Project("{FAE04EC0-301F-11D3-BF4B-00C04F79EFBC}") = "OcelotApiGateway", "OcelotApiGateway\OcelotApiGateway.csproj", "{0CD0489B-4858-46DD-A3C7-5EDAC5493411}"
EndProject
Global
	GlobalSection(SolutionConfigurationPlatforms) = preSolution
		Debug|Any CPU = Debug|Any CPU
		Release|Any CPU = Release|Any CPU
	EndGlobalSection
	GlobalSection(ProjectConfigurationPlatforms) = postSolution
		{2318C664-EFC0-4C06-8389-226C9DB2CB4D}.Debug|Any CPU.ActiveCfg = Debug|Any CPU
		{2318C664-EFC0-4C06-8389-226C9DB2CB4D}.Debug|Any CPU.Build.0 = Debug|Any CPU
		{2318C664-EFC0-4C06-8389-226C9DB2CB4D}.Release|Any CPU.ActiveCfg = Release|Any CPU
		{2318C664-EFC0-4C06-8389-226C9DB2CB4D}.Release|Any CPU.Build.0 = Release|Any CPU
		{FE597A58-BBE0-42D4-B690-F14FBFF0405B}.Debug|Any CPU.ActiveCfg = Debug|Any CPU
		{FE597A58-BBE0-42D4-B690-F14FBFF0405B}.Debug|Any CPU.Build.0 = Debug|Any CPU
		{FE597A58-BBE0-42D4-B690-F14FBFF0405B}.Release|Any CPU.ActiveCfg = Release|Any CPU
		{FE597A58-BBE0-42D4-B690-F14FBFF0405B}.Release|Any CPU.Build.0 = Release|Any CPU
		{0CD0489B-4858-46DD-A3C7-5EDAC5493411}.Debug|Any CPU.ActiveCfg = Debug|Any CPU
		{0CD0489B-4858-46DD-A3C7-5EDAC5493411}.Debug|Any CPU.Build.0 = Debug|Any CPU
		{0CD0489B-4858-46DD-A3C7-5EDAC5493411}.Release|Any CPU.ActiveCfg = Release|Any CPU
		{0CD0489B-4858-46DD-A3C7-5EDAC5493411}.Release|Any CPU.Build.0 = Release|Any CPU
	EndGlobalSection
	GlobalSection(SolutionProperties) = preSolution
		HideSolutionNode = FALSE
	EndGlobalSection
	GlobalSection(NestedProjects) = preSolution
		{2318C664-EFC0-4C06-8389-226C9DB2CB4D} = {4C07DF42-7D36-42CB-A9AD-7F53200B9474}
		{FE597A58-BBE0-42D4-B690-F14FBFF0405B} = {2788E9F6-0F48-4D0B-B3ED-5A2A5DF3F28D}
		{0CD0489B-4858-46DD-A3C7-5EDAC5493411} = {A444F34A-620B-44BF-A529-7AB54986EFF6}
	EndGlobalSection
	GlobalSection(ExtensibilityGlobals) = postSolution
		SolutionGuid = {2ACE97DB-D764-4690-8942-F777A886186D}
	EndGlobalSection
EndGlobal
